// !$*UTF8*$!
{
	archiveVersion = 1;
	classes = {
	};
	objectVersion = 56;
	objects = {

/* Begin PBXBuildFile section */
		C52E2DB42B34692700FBDD44 /* AddContactView.swift in Sources */ = {isa = PBXBuildFile; fileRef = C52E2DB32B34692700FBDD44 /* AddContactView.swift */; };
		C52E2DB62B3469CD00FBDD44 /* AddContactViewModel.swift in Sources */ = {isa = PBXBuildFile; fileRef = C52E2DB52B3469CD00FBDD44 /* AddContactViewModel.swift */; };
		C53649E22A4CD19400E6F632 /* CatModel.swift in Sources */ = {isa = PBXBuildFile; fileRef = C53649E12A4CD19400E6F632 /* CatModel.swift */; };
		C53649E62A4CD22B00E6F632 /* RandomCatsView.swift in Sources */ = {isa = PBXBuildFile; fileRef = C53649E52A4CD22B00E6F632 /* RandomCatsView.swift */; };
		C53649E82A4CD4C800E6F632 /* RandomCatsViewModel.swift in Sources */ = {isa = PBXBuildFile; fileRef = C53649E72A4CD4C800E6F632 /* RandomCatsViewModel.swift */; };
		C5380E9D2A53A30D0000B0D0 /* ImageExtension.swift in Sources */ = {isa = PBXBuildFile; fileRef = C5380E9C2A53A30D0000B0D0 /* ImageExtension.swift */; };
		C5782DC22A5DA22600584D15 /* DogRaceModel.swift in Sources */ = {isa = PBXBuildFile; fileRef = C5782DC12A5DA22600584D15 /* DogRaceModel.swift */; };
		C5782DC52A5DCD8C00584D15 /* MenuOptionCode.swift in Sources */ = {isa = PBXBuildFile; fileRef = C5782DC42A5DCD8C00584D15 /* MenuOptionCode.swift */; };
		C58049AB2A51E76100DFB03D /* AppDelegate.swift in Sources */ = {isa = PBXBuildFile; fileRef = C58049AA2A51E76100DFB03D /* AppDelegate.swift */; };
		C58049AE2A5241CE00DFB03D /* RandomCatCellView.swift in Sources */ = {isa = PBXBuildFile; fileRef = C58049AD2A5241CE00DFB03D /* RandomCatCellView.swift */; };
		C58049B02A5241E400DFB03D /* RandomCatCellViewModel.swift in Sources */ = {isa = PBXBuildFile; fileRef = C58049AF2A5241E400DFB03D /* RandomCatCellViewModel.swift */; };
		C58049B22A52462100DFB03D /* HttpRequest.swift in Sources */ = {isa = PBXBuildFile; fileRef = C58049B12A52462100DFB03D /* HttpRequest.swift */; };
		C59041862B31FE580041FC40 /* ContactContainer.xcdatamodeld in Sources */ = {isa = PBXBuildFile; fileRef = C59041842B31FE580041FC40 /* ContactContainer.xcdatamodeld */; };
		C590418B2B3200330041FC40 /* ContactBookPersistenceController.swift in Sources */ = {isa = PBXBuildFile; fileRef = C590418A2B3200330041FC40 /* ContactBookPersistenceController.swift */; };
		C590418F2B323B580041FC40 /* ContactBookView.swift in Sources */ = {isa = PBXBuildFile; fileRef = C590418E2B323B580041FC40 /* ContactBookView.swift */; };
		C59041942B323EC80041FC40 /* Colors.swift in Sources */ = {isa = PBXBuildFile; fileRef = C59041932B323EC80041FC40 /* Colors.swift */; };
		C59041962B3243570041FC40 /* ContactBookViewModel.swift in Sources */ = {isa = PBXBuildFile; fileRef = C59041952B3243570041FC40 /* ContactBookViewModel.swift */; };
		C59191902A44DB9D003B48F1 /* PortafolioSwiftUIApp.swift in Sources */ = {isa = PBXBuildFile; fileRef = C591918F2A44DB9D003B48F1 /* PortafolioSwiftUIApp.swift */; };
		C59191922A44DB9D003B48F1 /* MainView.swift in Sources */ = {isa = PBXBuildFile; fileRef = C59191912A44DB9D003B48F1 /* MainView.swift */; };
		C59191942A44DB9E003B48F1 /* Assets.xcassets in Resources */ = {isa = PBXBuildFile; fileRef = C59191932A44DB9E003B48F1 /* Assets.xcassets */; };
		C59191972A44DB9E003B48F1 /* Preview Assets.xcassets in Resources */ = {isa = PBXBuildFile; fileRef = C59191962A44DB9E003B48F1 /* Preview Assets.xcassets */; };
		C59191A12A44DB9E003B48F1 /* PortafolioSwiftUITests.swift in Sources */ = {isa = PBXBuildFile; fileRef = C59191A02A44DB9E003B48F1 /* PortafolioSwiftUITests.swift */; };
		C59191AB2A44DB9E003B48F1 /* PortafolioSwiftUIUITests.swift in Sources */ = {isa = PBXBuildFile; fileRef = C59191AA2A44DB9E003B48F1 /* PortafolioSwiftUIUITests.swift */; };
		C59191AD2A44DB9E003B48F1 /* PortafolioSwiftUIUITestsLaunchTests.swift in Sources */ = {isa = PBXBuildFile; fileRef = C59191AC2A44DB9E003B48F1 /* PortafolioSwiftUIUITestsLaunchTests.swift */; };
		C59191BB2A44DCD4003B48F1 /* Alamofire in Frameworks */ = {isa = PBXBuildFile; productRef = C59191BA2A44DCD4003B48F1 /* Alamofire */; };
		C59191C22A44E3EA003B48F1 /* OptionMainView.swift in Sources */ = {isa = PBXBuildFile; fileRef = C59191C12A44E3EA003B48F1 /* OptionMainView.swift */; };
		C59767A32A5F01140056A122 /* DogImageModel.swift in Sources */ = {isa = PBXBuildFile; fileRef = C59767A22A5F01140056A122 /* DogImageModel.swift */; };
		C5A537D12B37A23000FE7702 /* FormCellAddContactViewModel.swift in Sources */ = {isa = PBXBuildFile; fileRef = C5A537D02B37A23000FE7702 /* FormCellAddContactViewModel.swift */; };
		C5A537D32B37A7FC00FE7702 /* FormAddContactViewModel.swift in Sources */ = {isa = PBXBuildFile; fileRef = C5A537D22B37A7FC00FE7702 /* FormAddContactViewModel.swift */; };
		C5A537D52B37B1A300FE7702 /* ButtonAddContactViewModel.swift in Sources */ = {isa = PBXBuildFile; fileRef = C5A537D42B37B1A300FE7702 /* ButtonAddContactViewModel.swift */; };
		C5A537D72B37B26300FE7702 /* ListContactViewModel.swift in Sources */ = {isa = PBXBuildFile; fileRef = C5A537D62B37B26300FE7702 /* ListContactViewModel.swift */; };
		C5A537D92B37B2CD00FE7702 /* TitleAddContactViewModel.swift in Sources */ = {isa = PBXBuildFile; fileRef = C5A537D82B37B2CD00FE7702 /* TitleAddContactViewModel.swift */; };
		C5B3D77E2A55EA6A00B82CFB /* InformationAppView.swift in Sources */ = {isa = PBXBuildFile; fileRef = C5B3D77D2A55EA6A00B82CFB /* InformationAppView.swift */; };
		C5B3D7822A55EAB600B82CFB /* InformationAppViewModel.swift in Sources */ = {isa = PBXBuildFile; fileRef = C5B3D7812A55EAB600B82CFB /* InformationAppViewModel.swift */; };
		C5B3D7852A55F3E600B82CFB /* SafariWebView.swift in Sources */ = {isa = PBXBuildFile; fileRef = C5B3D7842A55F3E600B82CFB /* SafariWebView.swift */; };
		C5B3D7882A56064F00B82CFB /* ThemeNavigationBar.swift in Sources */ = {isa = PBXBuildFile; fileRef = C5B3D7872A56064E00B82CFB /* ThemeNavigationBar.swift */; };
		C5B3D78A2A56134000B82CFB /* LaunchScreen.storyboard in Resources */ = {isa = PBXBuildFile; fileRef = C5B3D7892A56134000B82CFB /* LaunchScreen.storyboard */; };
		C5C10A572B372D170055511C /* FormAddContactView.swift in Sources */ = {isa = PBXBuildFile; fileRef = C5C10A562B372D170055511C /* FormAddContactView.swift */; };
		C5C10A5A2B3739BC0055511C /* DefaultButtonBlue.swift in Sources */ = {isa = PBXBuildFile; fileRef = C5C10A592B3739BC0055511C /* DefaultButtonBlue.swift */; };
		C5C10A5C2B373C230055511C /* DefaultButtonWhite.swift in Sources */ = {isa = PBXBuildFile; fileRef = C5C10A5B2B373C230055511C /* DefaultButtonWhite.swift */; };
		C5C10A5E2B3743DC0055511C /* FormCellAddContactView.swift in Sources */ = {isa = PBXBuildFile; fileRef = C5C10A5D2B3743DC0055511C /* FormCellAddContactView.swift */; };
		C5C10A602B37450C0055511C /* DefaultCloseButton.swift in Sources */ = {isa = PBXBuildFile; fileRef = C5C10A5F2B37450C0055511C /* DefaultCloseButton.swift */; };
		C5C537642D1F3A5500F312C7 /* ListaGridView.swift in Sources */ = {isa = PBXBuildFile; fileRef = C5C537632D1F3A5500F312C7 /* ListaGridView.swift */; };
		C5C537672D1F3B7F00F312C7 /* DefaultBackgroundView.swift in Sources */ = {isa = PBXBuildFile; fileRef = C5C537662D1F3B7F00F312C7 /* DefaultBackgroundView.swift */; };
		C5C537692D1F400500F312C7 /* ListaGridViewModel.swift in Sources */ = {isa = PBXBuildFile; fileRef = C5C537682D1F400500F312C7 /* ListaGridViewModel.swift */; };
		C5C8389D2A58A9A800270DCB /* RandomDogView.swift in Sources */ = {isa = PBXBuildFile; fileRef = C5C8389C2A58A9A800270DCB /* RandomDogView.swift */; };
		C5C8389F2A58AB2F00270DCB /* RandomDogViewModel.swift in Sources */ = {isa = PBXBuildFile; fileRef = C5C8389E2A58AB2F00270DCB /* RandomDogViewModel.swift */; };
		C5E6418B2D25AAA30019569C /* HttpRequest2.swift in Sources */ = {isa = PBXBuildFile; fileRef = C5E6418A2D25AAA30019569C /* HttpRequest2.swift */; };
		C5E6418D2D2610D90019569C /* TypeHttpEnum.swift in Sources */ = {isa = PBXBuildFile; fileRef = C5E6418C2D2610D90019569C /* TypeHttpEnum.swift */; };
		C5E641912D2625450019569C /* StringExtension.swift in Sources */ = {isa = PBXBuildFile; fileRef = C5E641902D2625400019569C /* StringExtension.swift */; };
		C5E8307A2A45F74C00397EAD /* HeaderMainView.swift in Sources */ = {isa = PBXBuildFile; fileRef = C5E830792A45F74C00397EAD /* HeaderMainView.swift */; };
		C5E8307D2A45F87C00397EAD /* MainViewModel.swift in Sources */ = {isa = PBXBuildFile; fileRef = C5E8307C2A45F87C00397EAD /* MainViewModel.swift */; };
		C5E830802A46197000397EAD /* MenuOptionModel.swift in Sources */ = {isa = PBXBuildFile; fileRef = C5E8307F2A46197000397EAD /* MenuOptionModel.swift */; };
		C5E830822A461A9600397EAD /* HeaderMainViewModel.swift in Sources */ = {isa = PBXBuildFile; fileRef = C5E830812A461A9600397EAD /* HeaderMainViewModel.swift */; };
		C5E830842A462DAC00397EAD /* OptionMainViewModel.swift in Sources */ = {isa = PBXBuildFile; fileRef = C5E830832A462DAC00397EAD /* OptionMainViewModel.swift */; };
		C5E9AD312B35E7E200C0190F /* ListContactView.swift in Sources */ = {isa = PBXBuildFile; fileRef = C5E9AD302B35E7E200C0190F /* ListContactView.swift */; };
		C5E9AD332B35E80B00C0190F /* ButtonAddContactView.swift in Sources */ = {isa = PBXBuildFile; fileRef = C5E9AD322B35E80B00C0190F /* ButtonAddContactView.swift */; };
		C5E9AD352B35E8F900C0190F /* TitleAddContactView.swift in Sources */ = {isa = PBXBuildFile; fileRef = C5E9AD342B35E8F900C0190F /* TitleAddContactView.swift */; };
		C5F4D0122D1E5349001A0BD4 /* GlobalModel.swift in Sources */ = {isa = PBXBuildFile; fileRef = C5F4D0112D1E5346001A0BD4 /* GlobalModel.swift */; };
/* End PBXBuildFile section */

/* Begin PBXContainerItemProxy section */
		C591919D2A44DB9E003B48F1 /* PBXContainerItemProxy */ = {
			isa = PBXContainerItemProxy;
			containerPortal = C59191842A44DB9D003B48F1 /* Project object */;
			proxyType = 1;
			remoteGlobalIDString = C591918B2A44DB9D003B48F1;
			remoteInfo = PortafolioSwiftUI;
		};
		C59191A72A44DB9E003B48F1 /* PBXContainerItemProxy */ = {
			isa = PBXContainerItemProxy;
			containerPortal = C59191842A44DB9D003B48F1 /* Project object */;
			proxyType = 1;
			remoteGlobalIDString = C591918B2A44DB9D003B48F1;
			remoteInfo = PortafolioSwiftUI;
		};
/* End PBXContainerItemProxy section */

/* Begin PBXFileReference section */
		C52E2DB32B34692700FBDD44 /* AddContactView.swift */ = {isa = PBXFileReference; lastKnownFileType = sourcecode.swift; path = AddContactView.swift; sourceTree = "<group>"; };
		C52E2DB52B3469CD00FBDD44 /* AddContactViewModel.swift */ = {isa = PBXFileReference; lastKnownFileType = sourcecode.swift; path = AddContactViewModel.swift; sourceTree = "<group>"; };
		C53649E12A4CD19400E6F632 /* CatModel.swift */ = {isa = PBXFileReference; lastKnownFileType = sourcecode.swift; path = CatModel.swift; sourceTree = "<group>"; };
		C53649E52A4CD22B00E6F632 /* RandomCatsView.swift */ = {isa = PBXFileReference; lastKnownFileType = sourcecode.swift; path = RandomCatsView.swift; sourceTree = "<group>"; };
		C53649E72A4CD4C800E6F632 /* RandomCatsViewModel.swift */ = {isa = PBXFileReference; lastKnownFileType = sourcecode.swift; path = RandomCatsViewModel.swift; sourceTree = "<group>"; };
		C5380E9C2A53A30D0000B0D0 /* ImageExtension.swift */ = {isa = PBXFileReference; lastKnownFileType = sourcecode.swift; path = ImageExtension.swift; sourceTree = "<group>"; };
		C5782DC12A5DA22600584D15 /* DogRaceModel.swift */ = {isa = PBXFileReference; lastKnownFileType = sourcecode.swift; path = DogRaceModel.swift; sourceTree = "<group>"; };
		C5782DC42A5DCD8C00584D15 /* MenuOptionCode.swift */ = {isa = PBXFileReference; lastKnownFileType = sourcecode.swift; path = MenuOptionCode.swift; sourceTree = "<group>"; };
		C58049AA2A51E76100DFB03D /* AppDelegate.swift */ = {isa = PBXFileReference; lastKnownFileType = sourcecode.swift; path = AppDelegate.swift; sourceTree = "<group>"; };
		C58049AD2A5241CE00DFB03D /* RandomCatCellView.swift */ = {isa = PBXFileReference; lastKnownFileType = sourcecode.swift; path = RandomCatCellView.swift; sourceTree = "<group>"; };
		C58049AF2A5241E400DFB03D /* RandomCatCellViewModel.swift */ = {isa = PBXFileReference; lastKnownFileType = sourcecode.swift; path = RandomCatCellViewModel.swift; sourceTree = "<group>"; };
		C58049B12A52462100DFB03D /* HttpRequest.swift */ = {isa = PBXFileReference; lastKnownFileType = sourcecode.swift; path = HttpRequest.swift; sourceTree = "<group>"; };
		C59041852B31FE580041FC40 /* ContactTable.xcdatamodel */ = {isa = PBXFileReference; lastKnownFileType = wrapper.xcdatamodel; path = ContactTable.xcdatamodel; sourceTree = "<group>"; };
		C590418A2B3200330041FC40 /* ContactBookPersistenceController.swift */ = {isa = PBXFileReference; lastKnownFileType = sourcecode.swift; path = ContactBookPersistenceController.swift; sourceTree = "<group>"; };
		C590418E2B323B580041FC40 /* ContactBookView.swift */ = {isa = PBXFileReference; lastKnownFileType = sourcecode.swift; path = ContactBookView.swift; sourceTree = "<group>"; };
		C59041932B323EC80041FC40 /* Colors.swift */ = {isa = PBXFileReference; lastKnownFileType = sourcecode.swift; path = Colors.swift; sourceTree = "<group>"; };
		C59041952B3243570041FC40 /* ContactBookViewModel.swift */ = {isa = PBXFileReference; lastKnownFileType = sourcecode.swift; path = ContactBookViewModel.swift; sourceTree = "<group>"; };
		C591918C2A44DB9D003B48F1 /* PortafolioSwiftUI.app */ = {isa = PBXFileReference; explicitFileType = wrapper.application; includeInIndex = 0; path = PortafolioSwiftUI.app; sourceTree = BUILT_PRODUCTS_DIR; };
		C591918F2A44DB9D003B48F1 /* PortafolioSwiftUIApp.swift */ = {isa = PBXFileReference; lastKnownFileType = sourcecode.swift; path = PortafolioSwiftUIApp.swift; sourceTree = "<group>"; };
		C59191912A44DB9D003B48F1 /* MainView.swift */ = {isa = PBXFileReference; lastKnownFileType = sourcecode.swift; path = MainView.swift; sourceTree = "<group>"; };
		C59191932A44DB9E003B48F1 /* Assets.xcassets */ = {isa = PBXFileReference; lastKnownFileType = folder.assetcatalog; path = Assets.xcassets; sourceTree = "<group>"; };
		C59191962A44DB9E003B48F1 /* Preview Assets.xcassets */ = {isa = PBXFileReference; lastKnownFileType = folder.assetcatalog; path = "Preview Assets.xcassets"; sourceTree = "<group>"; };
		C591919C2A44DB9E003B48F1 /* PortafolioSwiftUITests.xctest */ = {isa = PBXFileReference; explicitFileType = wrapper.cfbundle; includeInIndex = 0; path = PortafolioSwiftUITests.xctest; sourceTree = BUILT_PRODUCTS_DIR; };
		C59191A02A44DB9E003B48F1 /* PortafolioSwiftUITests.swift */ = {isa = PBXFileReference; lastKnownFileType = sourcecode.swift; path = PortafolioSwiftUITests.swift; sourceTree = "<group>"; };
		C59191A62A44DB9E003B48F1 /* PortafolioSwiftUIUITests.xctest */ = {isa = PBXFileReference; explicitFileType = wrapper.cfbundle; includeInIndex = 0; path = PortafolioSwiftUIUITests.xctest; sourceTree = BUILT_PRODUCTS_DIR; };
		C59191AA2A44DB9E003B48F1 /* PortafolioSwiftUIUITests.swift */ = {isa = PBXFileReference; lastKnownFileType = sourcecode.swift; path = PortafolioSwiftUIUITests.swift; sourceTree = "<group>"; };
		C59191AC2A44DB9E003B48F1 /* PortafolioSwiftUIUITestsLaunchTests.swift */ = {isa = PBXFileReference; lastKnownFileType = sourcecode.swift; path = PortafolioSwiftUIUITestsLaunchTests.swift; sourceTree = "<group>"; };
		C59191C12A44E3EA003B48F1 /* OptionMainView.swift */ = {isa = PBXFileReference; lastKnownFileType = sourcecode.swift; path = OptionMainView.swift; sourceTree = "<group>"; };
		C59767A22A5F01140056A122 /* DogImageModel.swift */ = {isa = PBXFileReference; lastKnownFileType = sourcecode.swift; path = DogImageModel.swift; sourceTree = "<group>"; };
		C5A537D02B37A23000FE7702 /* FormCellAddContactViewModel.swift */ = {isa = PBXFileReference; lastKnownFileType = sourcecode.swift; path = FormCellAddContactViewModel.swift; sourceTree = "<group>"; };
		C5A537D22B37A7FC00FE7702 /* FormAddContactViewModel.swift */ = {isa = PBXFileReference; lastKnownFileType = sourcecode.swift; path = FormAddContactViewModel.swift; sourceTree = "<group>"; };
		C5A537D42B37B1A300FE7702 /* ButtonAddContactViewModel.swift */ = {isa = PBXFileReference; lastKnownFileType = sourcecode.swift; path = ButtonAddContactViewModel.swift; sourceTree = "<group>"; };
		C5A537D62B37B26300FE7702 /* ListContactViewModel.swift */ = {isa = PBXFileReference; lastKnownFileType = sourcecode.swift; path = ListContactViewModel.swift; sourceTree = "<group>"; };
		C5A537D82B37B2CD00FE7702 /* TitleAddContactViewModel.swift */ = {isa = PBXFileReference; lastKnownFileType = sourcecode.swift; path = TitleAddContactViewModel.swift; sourceTree = "<group>"; };
		C5B3D77D2A55EA6A00B82CFB /* InformationAppView.swift */ = {isa = PBXFileReference; lastKnownFileType = sourcecode.swift; path = InformationAppView.swift; sourceTree = "<group>"; };
		C5B3D7812A55EAB600B82CFB /* InformationAppViewModel.swift */ = {isa = PBXFileReference; lastKnownFileType = sourcecode.swift; path = InformationAppViewModel.swift; sourceTree = "<group>"; };
		C5B3D7842A55F3E600B82CFB /* SafariWebView.swift */ = {isa = PBXFileReference; lastKnownFileType = sourcecode.swift; path = SafariWebView.swift; sourceTree = "<group>"; };
		C5B3D7872A56064E00B82CFB /* ThemeNavigationBar.swift */ = {isa = PBXFileReference; lastKnownFileType = sourcecode.swift; path = ThemeNavigationBar.swift; sourceTree = "<group>"; };
		C5B3D7892A56134000B82CFB /* LaunchScreen.storyboard */ = {isa = PBXFileReference; lastKnownFileType = file.storyboard; path = LaunchScreen.storyboard; sourceTree = "<group>"; };
		C5C10A562B372D170055511C /* FormAddContactView.swift */ = {isa = PBXFileReference; lastKnownFileType = sourcecode.swift; path = FormAddContactView.swift; sourceTree = "<group>"; };
		C5C10A592B3739BC0055511C /* DefaultButtonBlue.swift */ = {isa = PBXFileReference; lastKnownFileType = sourcecode.swift; path = DefaultButtonBlue.swift; sourceTree = "<group>"; };
		C5C10A5B2B373C230055511C /* DefaultButtonWhite.swift */ = {isa = PBXFileReference; lastKnownFileType = sourcecode.swift; path = DefaultButtonWhite.swift; sourceTree = "<group>"; };
		C5C10A5D2B3743DC0055511C /* FormCellAddContactView.swift */ = {isa = PBXFileReference; lastKnownFileType = sourcecode.swift; path = FormCellAddContactView.swift; sourceTree = "<group>"; };
		C5C10A5F2B37450C0055511C /* DefaultCloseButton.swift */ = {isa = PBXFileReference; lastKnownFileType = sourcecode.swift; path = DefaultCloseButton.swift; sourceTree = "<group>"; };
		C5C537632D1F3A5500F312C7 /* ListaGridView.swift */ = {isa = PBXFileReference; lastKnownFileType = sourcecode.swift; path = ListaGridView.swift; sourceTree = "<group>"; };
		C5C537662D1F3B7F00F312C7 /* DefaultBackgroundView.swift */ = {isa = PBXFileReference; lastKnownFileType = sourcecode.swift; path = DefaultBackgroundView.swift; sourceTree = "<group>"; };
		C5C537682D1F400500F312C7 /* ListaGridViewModel.swift */ = {isa = PBXFileReference; lastKnownFileType = sourcecode.swift; path = ListaGridViewModel.swift; sourceTree = "<group>"; };
		C5C8389C2A58A9A800270DCB /* RandomDogView.swift */ = {isa = PBXFileReference; lastKnownFileType = sourcecode.swift; path = RandomDogView.swift; sourceTree = "<group>"; };
		C5C8389E2A58AB2F00270DCB /* RandomDogViewModel.swift */ = {isa = PBXFileReference; lastKnownFileType = sourcecode.swift; path = RandomDogViewModel.swift; sourceTree = "<group>"; };
		C5E6418A2D25AAA30019569C /* HttpRequest2.swift */ = {isa = PBXFileReference; lastKnownFileType = sourcecode.swift; path = HttpRequest2.swift; sourceTree = "<group>"; };
		C5E6418C2D2610D90019569C /* TypeHttpEnum.swift */ = {isa = PBXFileReference; lastKnownFileType = sourcecode.swift; path = TypeHttpEnum.swift; sourceTree = "<group>"; };
		C5E641902D2625400019569C /* StringExtension.swift */ = {isa = PBXFileReference; lastKnownFileType = sourcecode.swift; path = StringExtension.swift; sourceTree = "<group>"; };
		C5E830792A45F74C00397EAD /* HeaderMainView.swift */ = {isa = PBXFileReference; lastKnownFileType = sourcecode.swift; path = HeaderMainView.swift; sourceTree = "<group>"; };
		C5E8307C2A45F87C00397EAD /* MainViewModel.swift */ = {isa = PBXFileReference; lastKnownFileType = sourcecode.swift; path = MainViewModel.swift; sourceTree = "<group>"; };
		C5E8307F2A46197000397EAD /* MenuOptionModel.swift */ = {isa = PBXFileReference; lastKnownFileType = sourcecode.swift; path = MenuOptionModel.swift; sourceTree = "<group>"; };
		C5E830812A461A9600397EAD /* HeaderMainViewModel.swift */ = {isa = PBXFileReference; lastKnownFileType = sourcecode.swift; path = HeaderMainViewModel.swift; sourceTree = "<group>"; };
		C5E830832A462DAC00397EAD /* OptionMainViewModel.swift */ = {isa = PBXFileReference; lastKnownFileType = sourcecode.swift; path = OptionMainViewModel.swift; sourceTree = "<group>"; };
		C5E9AD302B35E7E200C0190F /* ListContactView.swift */ = {isa = PBXFileReference; lastKnownFileType = sourcecode.swift; path = ListContactView.swift; sourceTree = "<group>"; };
		C5E9AD322B35E80B00C0190F /* ButtonAddContactView.swift */ = {isa = PBXFileReference; lastKnownFileType = sourcecode.swift; path = ButtonAddContactView.swift; sourceTree = "<group>"; };
		C5E9AD342B35E8F900C0190F /* TitleAddContactView.swift */ = {isa = PBXFileReference; lastKnownFileType = sourcecode.swift; path = TitleAddContactView.swift; sourceTree = "<group>"; };
		C5F4D0112D1E5346001A0BD4 /* GlobalModel.swift */ = {isa = PBXFileReference; lastKnownFileType = sourcecode.swift; path = GlobalModel.swift; sourceTree = "<group>"; };
/* End PBXFileReference section */

/* Begin PBXFrameworksBuildPhase section */
		C59191892A44DB9D003B48F1 /* Frameworks */ = {
			isa = PBXFrameworksBuildPhase;
			buildActionMask = 2147483647;
			files = (
				C59191BB2A44DCD4003B48F1 /* Alamofire in Frameworks */,
			);
			runOnlyForDeploymentPostprocessing = 0;
		};
		C59191992A44DB9E003B48F1 /* Frameworks */ = {
			isa = PBXFrameworksBuildPhase;
			buildActionMask = 2147483647;
			files = (
			);
			runOnlyForDeploymentPostprocessing = 0;
		};
		C59191A32A44DB9E003B48F1 /* Frameworks */ = {
			isa = PBXFrameworksBuildPhase;
			buildActionMask = 2147483647;
			files = (
			);
			runOnlyForDeploymentPostprocessing = 0;
		};
/* End PBXFrameworksBuildPhase section */

/* Begin PBXGroup section */
		C53649DD2A4CCF1C00E6F632 /* RandomCats */ = {
			isa = PBXGroup;
			children = (
				C53649E02A4CCF3B00E6F632 /* Models */,
				C53649DF2A4CCF3200E6F632 /* ViewModels */,
				C58049AC2A52419100DFB03D /* SubViews */,
				C53649DE2A4CCF2A00E6F632 /* MainViews */,
			);
			path = RandomCats;
			sourceTree = "<group>";
		};
		C53649DE2A4CCF2A00E6F632 /* MainViews */ = {
			isa = PBXGroup;
			children = (
				C53649E52A4CD22B00E6F632 /* RandomCatsView.swift */,
			);
			path = MainViews;
			sourceTree = "<group>";
		};
		C53649DF2A4CCF3200E6F632 /* ViewModels */ = {
			isa = PBXGroup;
			children = (
				C53649E72A4CD4C800E6F632 /* RandomCatsViewModel.swift */,
				C58049AF2A5241E400DFB03D /* RandomCatCellViewModel.swift */,
			);
			path = ViewModels;
			sourceTree = "<group>";
		};
		C53649E02A4CCF3B00E6F632 /* Models */ = {
			isa = PBXGroup;
			children = (
				C53649E12A4CD19400E6F632 /* CatModel.swift */,
			);
			path = Models;
			sourceTree = "<group>";
		};
		C53649E92A4CD71600E6F632 /* Network */ = {
			isa = PBXGroup;
			children = (
				C58049B12A52462100DFB03D /* HttpRequest.swift */,
				C5B3D7842A55F3E600B82CFB /* SafariWebView.swift */,
				C5E6418A2D25AAA30019569C /* HttpRequest2.swift */,
				C5E6418C2D2610D90019569C /* TypeHttpEnum.swift */,
			);
			path = Network;
			sourceTree = "<group>";
		};
		C5380E992A53A2DB0000B0D0 /* Utils */ = {
			isa = PBXGroup;
			children = (
				C5C537652D1F3AAB00F312C7 /* Views */,
				C5F4D0102D1E5340001A0BD4 /* Models */,
				C59041902B323E840041FC40 /* SwiftUIElements */,
				C59041832B31FE130041FC40 /* CoreDatas */,
				C5B3D7862A56063200B82CFB /* NavigationBar */,
				C5380E9A2A53A2E70000B0D0 /* Extensions */,
			);
			path = Utils;
			sourceTree = "<group>";
		};
		C5380E9A2A53A2E70000B0D0 /* Extensions */ = {
			isa = PBXGroup;
			children = (
				C5E6418F2D26253A0019569C /* String */,
				C5380E9B2A53A2FB0000B0D0 /* Image */,
			);
			path = Extensions;
			sourceTree = "<group>";
		};
		C5380E9B2A53A2FB0000B0D0 /* Image */ = {
			isa = PBXGroup;
			children = (
				C5380E9C2A53A30D0000B0D0 /* ImageExtension.swift */,
			);
			path = Image;
			sourceTree = "<group>";
		};
		C5782DC32A5DCD5200584D15 /* Constants */ = {
			isa = PBXGroup;
			children = (
				C5782DC42A5DCD8C00584D15 /* MenuOptionCode.swift */,
			);
			path = Constants;
			sourceTree = "<group>";
		};
		C58049AC2A52419100DFB03D /* SubViews */ = {
			isa = PBXGroup;
			children = (
				C58049AD2A5241CE00DFB03D /* RandomCatCellView.swift */,
			);
			path = SubViews;
			sourceTree = "<group>";
		};
		C590417E2B31FA260041FC40 /* ContactBook */ = {
			isa = PBXGroup;
			children = (
				C59041822B31FB920041FC40 /* SubViews */,
				C59041812B31FAC80041FC40 /* Models */,
				C59041802B31FABD0041FC40 /* ViewModels */,
				C590417F2B31FAB40041FC40 /* MainViews */,
			);
			path = ContactBook;
			sourceTree = "<group>";
		};
		C590417F2B31FAB40041FC40 /* MainViews */ = {
			isa = PBXGroup;
			children = (
				C590418E2B323B580041FC40 /* ContactBookView.swift */,
				C52E2DB32B34692700FBDD44 /* AddContactView.swift */,
			);
			path = MainViews;
			sourceTree = "<group>";
		};
		C59041802B31FABD0041FC40 /* ViewModels */ = {
			isa = PBXGroup;
			children = (
				C59041952B3243570041FC40 /* ContactBookViewModel.swift */,
				C52E2DB52B3469CD00FBDD44 /* AddContactViewModel.swift */,
				C5A537D02B37A23000FE7702 /* FormCellAddContactViewModel.swift */,
				C5A537D22B37A7FC00FE7702 /* FormAddContactViewModel.swift */,
				C5A537D42B37B1A300FE7702 /* ButtonAddContactViewModel.swift */,
				C5A537D62B37B26300FE7702 /* ListContactViewModel.swift */,
				C5A537D82B37B2CD00FE7702 /* TitleAddContactViewModel.swift */,
			);
			path = ViewModels;
			sourceTree = "<group>";
		};
		C59041812B31FAC80041FC40 /* Models */ = {
			isa = PBXGroup;
			children = (
			);
			path = Models;
			sourceTree = "<group>";
		};
		C59041822B31FB920041FC40 /* SubViews */ = {
			isa = PBXGroup;
			children = (
				C5E9AD302B35E7E200C0190F /* ListContactView.swift */,
				C5E9AD322B35E80B00C0190F /* ButtonAddContactView.swift */,
				C5E9AD342B35E8F900C0190F /* TitleAddContactView.swift */,
				C5C10A562B372D170055511C /* FormAddContactView.swift */,
				C5C10A5D2B3743DC0055511C /* FormCellAddContactView.swift */,
			);
			path = SubViews;
			sourceTree = "<group>";
		};
		C59041832B31FE130041FC40 /* CoreDatas */ = {
			isa = PBXGroup;
			children = (
				C59041872B31FFB50041FC40 /* ContactBook */,
			);
			path = CoreDatas;
			sourceTree = "<group>";
		};
		C59041872B31FFB50041FC40 /* ContactBook */ = {
			isa = PBXGroup;
			children = (
				C59041892B31FFFF0041FC40 /* Controller */,
				C59041882B31FFF20041FC40 /* CodeData */,
			);
			path = ContactBook;
			sourceTree = "<group>";
		};
		C59041882B31FFF20041FC40 /* CodeData */ = {
			isa = PBXGroup;
			children = (
				C59041842B31FE580041FC40 /* ContactContainer.xcdatamodeld */,
			);
			path = CodeData;
			sourceTree = "<group>";
		};
		C59041892B31FFFF0041FC40 /* Controller */ = {
			isa = PBXGroup;
			children = (
				C590418A2B3200330041FC40 /* ContactBookPersistenceController.swift */,
			);
			path = Controller;
			sourceTree = "<group>";
		};
		C59041902B323E840041FC40 /* SwiftUIElements */ = {
			isa = PBXGroup;
			children = (
				C5C10A582B3739680055511C /* Buttons */,
				C59041922B323EA50041FC40 /* Colors */,
			);
			path = SwiftUIElements;
			sourceTree = "<group>";
		};
		C59041922B323EA50041FC40 /* Colors */ = {
			isa = PBXGroup;
			children = (
				C59041932B323EC80041FC40 /* Colors.swift */,
			);
			path = Colors;
			sourceTree = "<group>";
		};
		C59191832A44DB9D003B48F1 = {
			isa = PBXGroup;
			children = (
				C591918E2A44DB9D003B48F1 /* PortafolioSwiftUI */,
				C591919F2A44DB9E003B48F1 /* PortafolioSwiftUITests */,
				C59191A92A44DB9E003B48F1 /* PortafolioSwiftUIUITests */,
				C591918D2A44DB9D003B48F1 /* Products */,
			);
			sourceTree = "<group>";
		};
		C591918D2A44DB9D003B48F1 /* Products */ = {
			isa = PBXGroup;
			children = (
				C591918C2A44DB9D003B48F1 /* PortafolioSwiftUI.app */,
				C591919C2A44DB9E003B48F1 /* PortafolioSwiftUITests.xctest */,
				C59191A62A44DB9E003B48F1 /* PortafolioSwiftUIUITests.xctest */,
			);
			name = Products;
			sourceTree = "<group>";
		};
		C591918E2A44DB9D003B48F1 /* PortafolioSwiftUI */ = {
			isa = PBXGroup;
			children = (
				C5380E992A53A2DB0000B0D0 /* Utils */,
				C53649E92A4CD71600E6F632 /* Network */,
				C59191BC2A44DD3E003B48F1 /* Modules */,
				C591918F2A44DB9D003B48F1 /* PortafolioSwiftUIApp.swift */,
				C59191932A44DB9E003B48F1 /* Assets.xcassets */,
				C59191952A44DB9E003B48F1 /* Preview Content */,
				C58049AA2A51E76100DFB03D /* AppDelegate.swift */,
				C5B3D7892A56134000B82CFB /* LaunchScreen.storyboard */,
			);
			path = PortafolioSwiftUI;
			sourceTree = "<group>";
		};
		C59191952A44DB9E003B48F1 /* Preview Content */ = {
			isa = PBXGroup;
			children = (
				C59191962A44DB9E003B48F1 /* Preview Assets.xcassets */,
			);
			path = "Preview Content";
			sourceTree = "<group>";
		};
		C591919F2A44DB9E003B48F1 /* PortafolioSwiftUITests */ = {
			isa = PBXGroup;
			children = (
				C59191A02A44DB9E003B48F1 /* PortafolioSwiftUITests.swift */,
			);
			path = PortafolioSwiftUITests;
			sourceTree = "<group>";
		};
		C59191A92A44DB9E003B48F1 /* PortafolioSwiftUIUITests */ = {
			isa = PBXGroup;
			children = (
				C59191AA2A44DB9E003B48F1 /* PortafolioSwiftUIUITests.swift */,
				C59191AC2A44DB9E003B48F1 /* PortafolioSwiftUIUITestsLaunchTests.swift */,
			);
			path = PortafolioSwiftUIUITests;
			sourceTree = "<group>";
		};
		C59191BC2A44DD3E003B48F1 /* Modules */ = {
			isa = PBXGroup;
			children = (
				C5C5375C2D1F37F700F312C7 /* ListaGrid */,
				C590417E2B31FA260041FC40 /* ContactBook */,
				C5C838972A58A95600270DCB /* RandomDog */,
				C53649DD2A4CCF1C00E6F632 /* RandomCats */,
				C59191BD2A44DD47003B48F1 /* Main */,
			);
			path = Modules;
			sourceTree = "<group>";
		};
		C59191BD2A44DD47003B48F1 /* Main */ = {
			isa = PBXGroup;
			children = (
				C5782DC32A5DCD5200584D15 /* Constants */,
				C5E8307E2A46194B00397EAD /* Models */,
				C5E8307B2A45F78700397EAD /* ViewModels */,
				C59191BF2A44DD77003B48F1 /* SubViews */,
				C59191C02A44DD87003B48F1 /* MainViews */,
			);
			path = Main;
			sourceTree = "<group>";
		};
		C59191BF2A44DD77003B48F1 /* SubViews */ = {
			isa = PBXGroup;
			children = (
				C59191C12A44E3EA003B48F1 /* OptionMainView.swift */,
				C5E830792A45F74C00397EAD /* HeaderMainView.swift */,
			);
			path = SubViews;
			sourceTree = "<group>";
		};
		C59191C02A44DD87003B48F1 /* MainViews */ = {
			isa = PBXGroup;
			children = (
				C5B3D77D2A55EA6A00B82CFB /* InformationAppView.swift */,
				C59191912A44DB9D003B48F1 /* MainView.swift */,
			);
			path = MainViews;
			sourceTree = "<group>";
		};
		C5B3D7862A56063200B82CFB /* NavigationBar */ = {
			isa = PBXGroup;
			children = (
				C5B3D7872A56064E00B82CFB /* ThemeNavigationBar.swift */,
			);
			path = NavigationBar;
			sourceTree = "<group>";
		};
		C5C10A582B3739680055511C /* Buttons */ = {
			isa = PBXGroup;
			children = (
				C5C10A592B3739BC0055511C /* DefaultButtonBlue.swift */,
				C5C10A5B2B373C230055511C /* DefaultButtonWhite.swift */,
				C5C10A5F2B37450C0055511C /* DefaultCloseButton.swift */,
			);
			path = Buttons;
			sourceTree = "<group>";
		};
		C5C5375C2D1F37F700F312C7 /* ListaGrid */ = {
			isa = PBXGroup;
			children = (
				C5C537602D1F3A0700F312C7 /* SubViews */,
				C5C5375F2D1F39F300F312C7 /* MainViews */,
				C5C5375E2D1F39EE00F312C7 /* Models */,
				C5C5375D2D1F39E700F312C7 /* ViewModels */,
			);
			path = ListaGrid;
			sourceTree = "<group>";
		};
		C5C5375D2D1F39E700F312C7 /* ViewModels */ = {
			isa = PBXGroup;
			children = (
				C5C537682D1F400500F312C7 /* ListaGridViewModel.swift */,
			);
			path = ViewModels;
			sourceTree = "<group>";
		};
		C5C5375E2D1F39EE00F312C7 /* Models */ = {
			isa = PBXGroup;
			children = (
			);
			path = Models;
			sourceTree = "<group>";
		};
		C5C5375F2D1F39F300F312C7 /* MainViews */ = {
			isa = PBXGroup;
			children = (
				C5C537632D1F3A5500F312C7 /* ListaGridView.swift */,
			);
			path = MainViews;
			sourceTree = "<group>";
		};
		C5C537602D1F3A0700F312C7 /* SubViews */ = {
			isa = PBXGroup;
			children = (
			);
			path = SubViews;
			sourceTree = "<group>";
		};
		C5C537652D1F3AAB00F312C7 /* Views */ = {
			isa = PBXGroup;
			children = (
				C5C537662D1F3B7F00F312C7 /* DefaultBackgroundView.swift */,
			);
			path = Views;
			sourceTree = "<group>";
		};
		C5C838972A58A95600270DCB /* RandomDog */ = {
			isa = PBXGroup;
			children = (
				C5C838A02A58B2D500270DCB /* Constants */,
				C5C8389B2A58A98700270DCB /* ViewModels */,
				C5C8389A2A58A97E00270DCB /* SubViews */,
				C5C838992A58A97500270DCB /* Models */,
				C5C838982A58A96900270DCB /* MainViews */,
			);
			path = RandomDog;
			sourceTree = "<group>";
		};
		C5C838982A58A96900270DCB /* MainViews */ = {
			isa = PBXGroup;
			children = (
				C5C8389C2A58A9A800270DCB /* RandomDogView.swift */,
			);
			path = MainViews;
			sourceTree = "<group>";
		};
		C5C838992A58A97500270DCB /* Models */ = {
			isa = PBXGroup;
			children = (
				C5782DC12A5DA22600584D15 /* DogRaceModel.swift */,
				C59767A22A5F01140056A122 /* DogImageModel.swift */,
			);
			path = Models;
			sourceTree = "<group>";
		};
		C5C8389A2A58A97E00270DCB /* SubViews */ = {
			isa = PBXGroup;
			children = (
			);
			path = SubViews;
			sourceTree = "<group>";
		};
		C5C8389B2A58A98700270DCB /* ViewModels */ = {
			isa = PBXGroup;
			children = (
				C5C8389E2A58AB2F00270DCB /* RandomDogViewModel.swift */,
			);
			path = ViewModels;
			sourceTree = "<group>";
		};
		C5C838A02A58B2D500270DCB /* Constants */ = {
			isa = PBXGroup;
			children = (
			);
			path = Constants;
			sourceTree = "<group>";
		};
		C5E6418F2D26253A0019569C /* String */ = {
			isa = PBXGroup;
			children = (
				C5E641902D2625400019569C /* StringExtension.swift */,
			);
			path = String;
			sourceTree = "<group>";
		};
		C5E8307B2A45F78700397EAD /* ViewModels */ = {
			isa = PBXGroup;
			children = (
				C5E8307C2A45F87C00397EAD /* MainViewModel.swift */,
				C5E830812A461A9600397EAD /* HeaderMainViewModel.swift */,
				C5E830832A462DAC00397EAD /* OptionMainViewModel.swift */,
				C5B3D7812A55EAB600B82CFB /* InformationAppViewModel.swift */,
			);
			path = ViewModels;
			sourceTree = "<group>";
		};
		C5E8307E2A46194B00397EAD /* Models */ = {
			isa = PBXGroup;
			children = (
				C5E8307F2A46197000397EAD /* MenuOptionModel.swift */,
			);
			path = Models;
			sourceTree = "<group>";
		};
		C5F4D0102D1E5340001A0BD4 /* Models */ = {
			isa = PBXGroup;
			children = (
				C5F4D0112D1E5346001A0BD4 /* GlobalModel.swift */,
			);
			path = Models;
			sourceTree = "<group>";
		};
/* End PBXGroup section */

/* Begin PBXNativeTarget section */
		C591918B2A44DB9D003B48F1 /* PortafolioSwiftUI */ = {
			isa = PBXNativeTarget;
			buildConfigurationList = C59191B02A44DB9E003B48F1 /* Build configuration list for PBXNativeTarget "PortafolioSwiftUI" */;
			buildPhases = (
				C59191882A44DB9D003B48F1 /* Sources */,
				C59191892A44DB9D003B48F1 /* Frameworks */,
				C591918A2A44DB9D003B48F1 /* Resources */,
			);
			buildRules = (
			);
			dependencies = (
			);
			name = PortafolioSwiftUI;
			packageProductDependencies = (
				C59191BA2A44DCD4003B48F1 /* Alamofire */,
			);
			productName = PortafolioSwiftUI;
			productReference = C591918C2A44DB9D003B48F1 /* PortafolioSwiftUI.app */;
			productType = "com.apple.product-type.application";
		};
		C591919B2A44DB9E003B48F1 /* PortafolioSwiftUITests */ = {
			isa = PBXNativeTarget;
			buildConfigurationList = C59191B32A44DB9E003B48F1 /* Build configuration list for PBXNativeTarget "PortafolioSwiftUITests" */;
			buildPhases = (
				C59191982A44DB9E003B48F1 /* Sources */,
				C59191992A44DB9E003B48F1 /* Frameworks */,
				C591919A2A44DB9E003B48F1 /* Resources */,
			);
			buildRules = (
			);
			dependencies = (
				C591919E2A44DB9E003B48F1 /* PBXTargetDependency */,
			);
			name = PortafolioSwiftUITests;
			productName = PortafolioSwiftUITests;
			productReference = C591919C2A44DB9E003B48F1 /* PortafolioSwiftUITests.xctest */;
			productType = "com.apple.product-type.bundle.unit-test";
		};
		C59191A52A44DB9E003B48F1 /* PortafolioSwiftUIUITests */ = {
			isa = PBXNativeTarget;
			buildConfigurationList = C59191B62A44DB9E003B48F1 /* Build configuration list for PBXNativeTarget "PortafolioSwiftUIUITests" */;
			buildPhases = (
				C59191A22A44DB9E003B48F1 /* Sources */,
				C59191A32A44DB9E003B48F1 /* Frameworks */,
				C59191A42A44DB9E003B48F1 /* Resources */,
			);
			buildRules = (
			);
			dependencies = (
				C59191A82A44DB9E003B48F1 /* PBXTargetDependency */,
			);
			name = PortafolioSwiftUIUITests;
			productName = PortafolioSwiftUIUITests;
			productReference = C59191A62A44DB9E003B48F1 /* PortafolioSwiftUIUITests.xctest */;
			productType = "com.apple.product-type.bundle.ui-testing";
		};
/* End PBXNativeTarget section */

/* Begin PBXProject section */
		C59191842A44DB9D003B48F1 /* Project object */ = {
			isa = PBXProject;
			attributes = {
				BuildIndependentTargetsInParallel = 1;
				LastSwiftUpdateCheck = 1430;
				LastUpgradeCheck = 1430;
				TargetAttributes = {
					C591918B2A44DB9D003B48F1 = {
						CreatedOnToolsVersion = 14.3.1;
					};
					C591919B2A44DB9E003B48F1 = {
						CreatedOnToolsVersion = 14.3.1;
						TestTargetID = C591918B2A44DB9D003B48F1;
					};
					C59191A52A44DB9E003B48F1 = {
						CreatedOnToolsVersion = 14.3.1;
						TestTargetID = C591918B2A44DB9D003B48F1;
					};
				};
			};
			buildConfigurationList = C59191872A44DB9D003B48F1 /* Build configuration list for PBXProject "PortafolioSwiftUI" */;
			compatibilityVersion = "Xcode 14.0";
			developmentRegion = en;
			hasScannedForEncodings = 0;
			knownRegions = (
				en,
				Base,
			);
			mainGroup = C59191832A44DB9D003B48F1;
			packageReferences = (
				C59191B92A44DCD4003B48F1 /* XCRemoteSwiftPackageReference "Alamofire" */,
			);
			productRefGroup = C591918D2A44DB9D003B48F1 /* Products */;
			projectDirPath = "";
			projectRoot = "";
			targets = (
				C591918B2A44DB9D003B48F1 /* PortafolioSwiftUI */,
				C591919B2A44DB9E003B48F1 /* PortafolioSwiftUITests */,
				C59191A52A44DB9E003B48F1 /* PortafolioSwiftUIUITests */,
			);
		};
/* End PBXProject section */

/* Begin PBXResourcesBuildPhase section */
		C591918A2A44DB9D003B48F1 /* Resources */ = {
			isa = PBXResourcesBuildPhase;
			buildActionMask = 2147483647;
			files = (
				C5B3D78A2A56134000B82CFB /* LaunchScreen.storyboard in Resources */,
				C59191972A44DB9E003B48F1 /* Preview Assets.xcassets in Resources */,
				C59191942A44DB9E003B48F1 /* Assets.xcassets in Resources */,
			);
			runOnlyForDeploymentPostprocessing = 0;
		};
		C591919A2A44DB9E003B48F1 /* Resources */ = {
			isa = PBXResourcesBuildPhase;
			buildActionMask = 2147483647;
			files = (
			);
			runOnlyForDeploymentPostprocessing = 0;
		};
		C59191A42A44DB9E003B48F1 /* Resources */ = {
			isa = PBXResourcesBuildPhase;
			buildActionMask = 2147483647;
			files = (
			);
			runOnlyForDeploymentPostprocessing = 0;
		};
/* End PBXResourcesBuildPhase section */

/* Begin PBXSourcesBuildPhase section */
		C59191882A44DB9D003B48F1 /* Sources */ = {
			isa = PBXSourcesBuildPhase;
			buildActionMask = 2147483647;
			files = (
				C5782DC52A5DCD8C00584D15 /* MenuOptionCode.swift in Sources */,
				C58049AB2A51E76100DFB03D /* AppDelegate.swift in Sources */,
				C53649E62A4CD22B00E6F632 /* RandomCatsView.swift in Sources */,
				C53649E22A4CD19400E6F632 /* CatModel.swift in Sources */,
				C59041962B3243570041FC40 /* ContactBookViewModel.swift in Sources */,
				C5E8307D2A45F87C00397EAD /* MainViewModel.swift in Sources */,
				C58049B02A5241E400DFB03D /* RandomCatCellViewModel.swift in Sources */,
				C5E830802A46197000397EAD /* MenuOptionModel.swift in Sources */,
				C5782DC22A5DA22600584D15 /* DogRaceModel.swift in Sources */,
				C5C8389F2A58AB2F00270DCB /* RandomDogViewModel.swift in Sources */,
				C58049AE2A5241CE00DFB03D /* RandomCatCellView.swift in Sources */,
				C5C10A5E2B3743DC0055511C /* FormCellAddContactView.swift in Sources */,
				C59191922A44DB9D003B48F1 /* MainView.swift in Sources */,
				C5C10A602B37450C0055511C /* DefaultCloseButton.swift in Sources */,
				C59191C22A44E3EA003B48F1 /* OptionMainView.swift in Sources */,
				C5C10A5A2B3739BC0055511C /* DefaultButtonBlue.swift in Sources */,
				C5B3D7822A55EAB600B82CFB /* InformationAppViewModel.swift in Sources */,
				C5E9AD352B35E8F900C0190F /* TitleAddContactView.swift in Sources */,
				C5E9AD312B35E7E200C0190F /* ListContactView.swift in Sources */,
				C5E830822A461A9600397EAD /* HeaderMainViewModel.swift in Sources */,
				C59767A32A5F01140056A122 /* DogImageModel.swift in Sources */,
				C5B3D7882A56064F00B82CFB /* ThemeNavigationBar.swift in Sources */,
				C52E2DB42B34692700FBDD44 /* AddContactView.swift in Sources */,
				C5A537D72B37B26300FE7702 /* ListContactViewModel.swift in Sources */,
				C5E641912D2625450019569C /* StringExtension.swift in Sources */,
				C5E6418B2D25AAA30019569C /* HttpRequest2.swift in Sources */,
				C5C537642D1F3A5500F312C7 /* ListaGridView.swift in Sources */,
				C5E6418D2D2610D90019569C /* TypeHttpEnum.swift in Sources */,
				C5B3D7852A55F3E600B82CFB /* SafariWebView.swift in Sources */,
				C59191902A44DB9D003B48F1 /* PortafolioSwiftUIApp.swift in Sources */,
				C5C8389D2A58A9A800270DCB /* RandomDogView.swift in Sources */,
				C52E2DB62B3469CD00FBDD44 /* AddContactViewModel.swift in Sources */,
				C58049B22A52462100DFB03D /* HttpRequest.swift in Sources */,
				C59041942B323EC80041FC40 /* Colors.swift in Sources */,
				C5E9AD332B35E80B00C0190F /* ButtonAddContactView.swift in Sources */,
				C53649E82A4CD4C800E6F632 /* RandomCatsViewModel.swift in Sources */,
				C590418B2B3200330041FC40 /* ContactBookPersistenceController.swift in Sources */,
				C5C10A572B372D170055511C /* FormAddContactView.swift in Sources */,
				C590418F2B323B580041FC40 /* ContactBookView.swift in Sources */,
				C5A537D52B37B1A300FE7702 /* ButtonAddContactViewModel.swift in Sources */,
				C5C537692D1F400500F312C7 /* ListaGridViewModel.swift in Sources */,
				C5F4D0122D1E5349001A0BD4 /* GlobalModel.swift in Sources */,
				C5C537672D1F3B7F00F312C7 /* DefaultBackgroundView.swift in Sources */,
				C5A537D32B37A7FC00FE7702 /* FormAddContactViewModel.swift in Sources */,
				C5A537D12B37A23000FE7702 /* FormCellAddContactViewModel.swift in Sources */,
				C5E830842A462DAC00397EAD /* OptionMainViewModel.swift in Sources */,
				C5C10A5C2B373C230055511C /* DefaultButtonWhite.swift in Sources */,
				C5E8307A2A45F74C00397EAD /* HeaderMainView.swift in Sources */,
				C59041862B31FE580041FC40 /* ContactContainer.xcdatamodeld in Sources */,
				C5B3D77E2A55EA6A00B82CFB /* InformationAppView.swift in Sources */,
				C5A537D92B37B2CD00FE7702 /* TitleAddContactViewModel.swift in Sources */,
				C5380E9D2A53A30D0000B0D0 /* ImageExtension.swift in Sources */,
			);
			runOnlyForDeploymentPostprocessing = 0;
		};
		C59191982A44DB9E003B48F1 /* Sources */ = {
			isa = PBXSourcesBuildPhase;
			buildActionMask = 2147483647;
			files = (
				C59191A12A44DB9E003B48F1 /* PortafolioSwiftUITests.swift in Sources */,
			);
			runOnlyForDeploymentPostprocessing = 0;
		};
		C59191A22A44DB9E003B48F1 /* Sources */ = {
			isa = PBXSourcesBuildPhase;
			buildActionMask = 2147483647;
			files = (
				C59191AB2A44DB9E003B48F1 /* PortafolioSwiftUIUITests.swift in Sources */,
				C59191AD2A44DB9E003B48F1 /* PortafolioSwiftUIUITestsLaunchTests.swift in Sources */,
			);
			runOnlyForDeploymentPostprocessing = 0;
		};
/* End PBXSourcesBuildPhase section */

/* Begin PBXTargetDependency section */
		C591919E2A44DB9E003B48F1 /* PBXTargetDependency */ = {
			isa = PBXTargetDependency;
			target = C591918B2A44DB9D003B48F1 /* PortafolioSwiftUI */;
			targetProxy = C591919D2A44DB9E003B48F1 /* PBXContainerItemProxy */;
		};
		C59191A82A44DB9E003B48F1 /* PBXTargetDependency */ = {
			isa = PBXTargetDependency;
			target = C591918B2A44DB9D003B48F1 /* PortafolioSwiftUI */;
			targetProxy = C59191A72A44DB9E003B48F1 /* PBXContainerItemProxy */;
		};
/* End PBXTargetDependency section */

/* Begin XCBuildConfiguration section */
		C59191AE2A44DB9E003B48F1 /* Debug */ = {
			isa = XCBuildConfiguration;
			buildSettings = {
				ALWAYS_SEARCH_USER_PATHS = NO;
				CLANG_ANALYZER_NONNULL = YES;
				CLANG_ANALYZER_NUMBER_OBJECT_CONVERSION = YES_AGGRESSIVE;
				CLANG_CXX_LANGUAGE_STANDARD = "gnu++20";
				CLANG_ENABLE_MODULES = YES;
				CLANG_ENABLE_OBJC_ARC = YES;
				CLANG_ENABLE_OBJC_WEAK = YES;
				CLANG_WARN_BLOCK_CAPTURE_AUTORELEASING = YES;
				CLANG_WARN_BOOL_CONVERSION = YES;
				CLANG_WARN_COMMA = YES;
				CLANG_WARN_CONSTANT_CONVERSION = YES;
				CLANG_WARN_DEPRECATED_OBJC_IMPLEMENTATIONS = YES;
				CLANG_WARN_DIRECT_OBJC_ISA_USAGE = YES_ERROR;
				CLANG_WARN_DOCUMENTATION_COMMENTS = YES;
				CLANG_WARN_EMPTY_BODY = YES;
				CLANG_WARN_ENUM_CONVERSION = YES;
				CLANG_WARN_INFINITE_RECURSION = YES;
				CLANG_WARN_INT_CONVERSION = YES;
				CLANG_WARN_NON_LITERAL_NULL_CONVERSION = YES;
				CLANG_WARN_OBJC_IMPLICIT_RETAIN_SELF = YES;
				CLANG_WARN_OBJC_LITERAL_CONVERSION = YES;
				CLANG_WARN_OBJC_ROOT_CLASS = YES_ERROR;
				CLANG_WARN_QUOTED_INCLUDE_IN_FRAMEWORK_HEADER = YES;
				CLANG_WARN_RANGE_LOOP_ANALYSIS = YES;
				CLANG_WARN_STRICT_PROTOTYPES = YES;
				CLANG_WARN_SUSPICIOUS_MOVE = YES;
				CLANG_WARN_UNGUARDED_AVAILABILITY = YES_AGGRESSIVE;
				CLANG_WARN_UNREACHABLE_CODE = YES;
				CLANG_WARN__DUPLICATE_METHOD_MATCH = YES;
				COPY_PHASE_STRIP = NO;
				DEBUG_INFORMATION_FORMAT = dwarf;
				ENABLE_STRICT_OBJC_MSGSEND = YES;
				ENABLE_TESTABILITY = YES;
				GCC_C_LANGUAGE_STANDARD = gnu11;
				GCC_DYNAMIC_NO_PIC = NO;
				GCC_NO_COMMON_BLOCKS = YES;
				GCC_OPTIMIZATION_LEVEL = 0;
				GCC_PREPROCESSOR_DEFINITIONS = (
					"DEBUG=1",
					"$(inherited)",
				);
				GCC_WARN_64_TO_32_BIT_CONVERSION = YES;
				GCC_WARN_ABOUT_RETURN_TYPE = YES_ERROR;
				GCC_WARN_UNDECLARED_SELECTOR = YES;
				GCC_WARN_UNINITIALIZED_AUTOS = YES_AGGRESSIVE;
				GCC_WARN_UNUSED_FUNCTION = YES;
				GCC_WARN_UNUSED_VARIABLE = YES;
				IPHONEOS_DEPLOYMENT_TARGET = 16.4;
				MTL_ENABLE_DEBUG_INFO = INCLUDE_SOURCE;
				MTL_FAST_MATH = YES;
				ONLY_ACTIVE_ARCH = YES;
				SDKROOT = iphoneos;
				SWIFT_ACTIVE_COMPILATION_CONDITIONS = DEBUG;
				SWIFT_OPTIMIZATION_LEVEL = "-Onone";
			};
			name = Debug;
		};
		C59191AF2A44DB9E003B48F1 /* Release */ = {
			isa = XCBuildConfiguration;
			buildSettings = {
				ALWAYS_SEARCH_USER_PATHS = NO;
				CLANG_ANALYZER_NONNULL = YES;
				CLANG_ANALYZER_NUMBER_OBJECT_CONVERSION = YES_AGGRESSIVE;
				CLANG_CXX_LANGUAGE_STANDARD = "gnu++20";
				CLANG_ENABLE_MODULES = YES;
				CLANG_ENABLE_OBJC_ARC = YES;
				CLANG_ENABLE_OBJC_WEAK = YES;
				CLANG_WARN_BLOCK_CAPTURE_AUTORELEASING = YES;
				CLANG_WARN_BOOL_CONVERSION = YES;
				CLANG_WARN_COMMA = YES;
				CLANG_WARN_CONSTANT_CONVERSION = YES;
				CLANG_WARN_DEPRECATED_OBJC_IMPLEMENTATIONS = YES;
				CLANG_WARN_DIRECT_OBJC_ISA_USAGE = YES_ERROR;
				CLANG_WARN_DOCUMENTATION_COMMENTS = YES;
				CLANG_WARN_EMPTY_BODY = YES;
				CLANG_WARN_ENUM_CONVERSION = YES;
				CLANG_WARN_INFINITE_RECURSION = YES;
				CLANG_WARN_INT_CONVERSION = YES;
				CLANG_WARN_NON_LITERAL_NULL_CONVERSION = YES;
				CLANG_WARN_OBJC_IMPLICIT_RETAIN_SELF = YES;
				CLANG_WARN_OBJC_LITERAL_CONVERSION = YES;
				CLANG_WARN_OBJC_ROOT_CLASS = YES_ERROR;
				CLANG_WARN_QUOTED_INCLUDE_IN_FRAMEWORK_HEADER = YES;
				CLANG_WARN_RANGE_LOOP_ANALYSIS = YES;
				CLANG_WARN_STRICT_PROTOTYPES = YES;
				CLANG_WARN_SUSPICIOUS_MOVE = YES;
				CLANG_WARN_UNGUARDED_AVAILABILITY = YES_AGGRESSIVE;
				CLANG_WARN_UNREACHABLE_CODE = YES;
				CLANG_WARN__DUPLICATE_METHOD_MATCH = YES;
				COPY_PHASE_STRIP = NO;
				DEBUG_INFORMATION_FORMAT = "dwarf-with-dsym";
				ENABLE_NS_ASSERTIONS = NO;
				ENABLE_STRICT_OBJC_MSGSEND = YES;
				GCC_C_LANGUAGE_STANDARD = gnu11;
				GCC_NO_COMMON_BLOCKS = YES;
				GCC_WARN_64_TO_32_BIT_CONVERSION = YES;
				GCC_WARN_ABOUT_RETURN_TYPE = YES_ERROR;
				GCC_WARN_UNDECLARED_SELECTOR = YES;
				GCC_WARN_UNINITIALIZED_AUTOS = YES_AGGRESSIVE;
				GCC_WARN_UNUSED_FUNCTION = YES;
				GCC_WARN_UNUSED_VARIABLE = YES;
				IPHONEOS_DEPLOYMENT_TARGET = 16.4;
				MTL_ENABLE_DEBUG_INFO = NO;
				MTL_FAST_MATH = YES;
				SDKROOT = iphoneos;
				SWIFT_COMPILATION_MODE = wholemodule;
				SWIFT_OPTIMIZATION_LEVEL = "-O";
				VALIDATE_PRODUCT = YES;
			};
			name = Release;
		};
		C59191B12A44DB9E003B48F1 /* Debug */ = {
			isa = XCBuildConfiguration;
			buildSettings = {
				ASSETCATALOG_COMPILER_APPICON_NAME = AppIcon;
				ASSETCATALOG_COMPILER_GLOBAL_ACCENT_COLOR_NAME = AccentColor;
				ASSETCATALOG_COMPILER_INCLUDE_ALL_APPICON_ASSETS = NO;
				CODE_SIGN_STYLE = Automatic;
				CURRENT_PROJECT_VERSION = 1;
				DEVELOPMENT_ASSET_PATHS = "\"PortafolioSwiftUI/Preview Content\"";
				DEVELOPMENT_TEAM = 3TMVLVGRKA;
				ENABLE_PREVIEWS = YES;
				GENERATE_INFOPLIST_FILE = YES;
				INFOPLIST_KEY_UIApplicationSceneManifest_Generation = YES;
				INFOPLIST_KEY_UIApplicationSupportsIndirectInputEvents = YES;
				INFOPLIST_KEY_UILaunchScreen_Generation = YES;
				INFOPLIST_KEY_UILaunchStoryboardName = LaunchScreen.storyboard;
				INFOPLIST_KEY_UISupportedInterfaceOrientations = UIInterfaceOrientationPortrait;
				IPHONEOS_DEPLOYMENT_TARGET = 14.0;
				LD_RUNPATH_SEARCH_PATHS = (
					"$(inherited)",
					"@executable_path/Frameworks",
				);
				MARKETING_VERSION = 1.0;
				PRODUCT_BUNDLE_IDENTIFIER = user.HugoVillagra.PortafolioSwiftUI;
				PRODUCT_NAME = "$(TARGET_NAME)";
				SUPPORTED_PLATFORMS = "iphoneos iphonesimulator";
				SUPPORTS_MACCATALYST = NO;
				SUPPORTS_MAC_DESIGNED_FOR_IPHONE_IPAD = NO;
				SWIFT_EMIT_LOC_STRINGS = YES;
				SWIFT_VERSION = 5.0;
				TARGETED_DEVICE_FAMILY = 1;
			};
			name = Debug;
		};
		C59191B22A44DB9E003B48F1 /* Release */ = {
			isa = XCBuildConfiguration;
			buildSettings = {
				ASSETCATALOG_COMPILER_APPICON_NAME = AppIcon;
				ASSETCATALOG_COMPILER_GLOBAL_ACCENT_COLOR_NAME = AccentColor;
				ASSETCATALOG_COMPILER_INCLUDE_ALL_APPICON_ASSETS = NO;
				CODE_SIGN_STYLE = Automatic;
				CURRENT_PROJECT_VERSION = 1;
				DEVELOPMENT_ASSET_PATHS = "\"PortafolioSwiftUI/Preview Content\"";
				DEVELOPMENT_TEAM = 3TMVLVGRKA;
				ENABLE_PREVIEWS = YES;
				GENERATE_INFOPLIST_FILE = YES;
				INFOPLIST_KEY_UIApplicationSceneManifest_Generation = YES;
				INFOPLIST_KEY_UIApplicationSupportsIndirectInputEvents = YES;
				INFOPLIST_KEY_UILaunchScreen_Generation = YES;
				INFOPLIST_KEY_UILaunchStoryboardName = LaunchScreen.storyboard;
				INFOPLIST_KEY_UISupportedInterfaceOrientations = UIInterfaceOrientationPortrait;
				IPHONEOS_DEPLOYMENT_TARGET = 14.0;
				LD_RUNPATH_SEARCH_PATHS = (
					"$(inherited)",
					"@executable_path/Frameworks",
				);
				MARKETING_VERSION = 1.0;
				PRODUCT_BUNDLE_IDENTIFIER = user.HugoVillagra.PortafolioSwiftUI;
				PRODUCT_NAME = "$(TARGET_NAME)";
				SUPPORTED_PLATFORMS = "iphoneos iphonesimulator";
				SUPPORTS_MACCATALYST = NO;
				SUPPORTS_MAC_DESIGNED_FOR_IPHONE_IPAD = NO;
				SWIFT_EMIT_LOC_STRINGS = YES;
				SWIFT_VERSION = 5.0;
				TARGETED_DEVICE_FAMILY = 1;
			};
			name = Release;
		};
		C59191B42A44DB9E003B48F1 /* Debug */ = {
			isa = XCBuildConfiguration;
			buildSettings = {
				ALWAYS_EMBED_SWIFT_STANDARD_LIBRARIES = YES;
				BUNDLE_LOADER = "$(TEST_HOST)";
				CODE_SIGN_STYLE = Automatic;
				CURRENT_PROJECT_VERSION = 1;
				DEVELOPMENT_TEAM = 3TMVLVGRKA;
				GENERATE_INFOPLIST_FILE = YES;
				IPHONEOS_DEPLOYMENT_TARGET = 16.4;
				MARKETING_VERSION = 1.0;
				PRODUCT_BUNDLE_IDENTIFIER = user.HugoVillagra.PortafolioSwiftUITests;
				PRODUCT_NAME = "$(TARGET_NAME)";
				SWIFT_EMIT_LOC_STRINGS = NO;
				SWIFT_VERSION = 5.0;
				TARGETED_DEVICE_FAMILY = "1,2";
				TEST_HOST = "$(BUILT_PRODUCTS_DIR)/PortafolioSwiftUI.app/$(BUNDLE_EXECUTABLE_FOLDER_PATH)/PortafolioSwiftUI";
			};
			name = Debug;
		};
		C59191B52A44DB9E003B48F1 /* Release */ = {
			isa = XCBuildConfiguration;
			buildSettings = {
				ALWAYS_EMBED_SWIFT_STANDARD_LIBRARIES = YES;
				BUNDLE_LOADER = "$(TEST_HOST)";
				CODE_SIGN_STYLE = Automatic;
				CURRENT_PROJECT_VERSION = 1;
				DEVELOPMENT_TEAM = 3TMVLVGRKA;
				GENERATE_INFOPLIST_FILE = YES;
				IPHONEOS_DEPLOYMENT_TARGET = 16.4;
				MARKETING_VERSION = 1.0;
				PRODUCT_BUNDLE_IDENTIFIER = user.HugoVillagra.PortafolioSwiftUITests;
				PRODUCT_NAME = "$(TARGET_NAME)";
				SWIFT_EMIT_LOC_STRINGS = NO;
				SWIFT_VERSION = 5.0;
				TARGETED_DEVICE_FAMILY = "1,2";
				TEST_HOST = "$(BUILT_PRODUCTS_DIR)/PortafolioSwiftUI.app/$(BUNDLE_EXECUTABLE_FOLDER_PATH)/PortafolioSwiftUI";
			};
			name = Release;
		};
		C59191B72A44DB9E003B48F1 /* Debug */ = {
			isa = XCBuildConfiguration;
			buildSettings = {
				ALWAYS_EMBED_SWIFT_STANDARD_LIBRARIES = YES;
				CODE_SIGN_STYLE = Automatic;
				CURRENT_PROJECT_VERSION = 1;
				DEVELOPMENT_TEAM = 3TMVLVGRKA;
				GENERATE_INFOPLIST_FILE = YES;
				MARKETING_VERSION = 1.0;
				PRODUCT_BUNDLE_IDENTIFIER = user.HugoVillagra.PortafolioSwiftUIUITests;
				PRODUCT_NAME = "$(TARGET_NAME)";
				SWIFT_EMIT_LOC_STRINGS = NO;
				SWIFT_VERSION = 5.0;
				TARGETED_DEVICE_FAMILY = "1,2";
				TEST_TARGET_NAME = PortafolioSwiftUI;
			};
			name = Debug;
		};
		C59191B82A44DB9E003B48F1 /* Release */ = {
			isa = XCBuildConfiguration;
			buildSettings = {
				ALWAYS_EMBED_SWIFT_STANDARD_LIBRARIES = YES;
				CODE_SIGN_STYLE = Automatic;
				CURRENT_PROJECT_VERSION = 1;
				DEVELOPMENT_TEAM = 3TMVLVGRKA;
				GENERATE_INFOPLIST_FILE = YES;
				MARKETING_VERSION = 1.0;
				PRODUCT_BUNDLE_IDENTIFIER = user.HugoVillagra.PortafolioSwiftUIUITests;
				PRODUCT_NAME = "$(TARGET_NAME)";
				SWIFT_EMIT_LOC_STRINGS = NO;
				SWIFT_VERSION = 5.0;
				TARGETED_DEVICE_FAMILY = "1,2";
				TEST_TARGET_NAME = PortafolioSwiftUI;
			};
			name = Release;
		};
/* End XCBuildConfiguration section */

/* Begin XCConfigurationList section */
		C59191872A44DB9D003B48F1 /* Build configuration list for PBXProject "PortafolioSwiftUI" */ = {
			isa = XCConfigurationList;
			buildConfigurations = (
				C59191AE2A44DB9E003B48F1 /* Debug */,
				C59191AF2A44DB9E003B48F1 /* Release */,
			);
			defaultConfigurationIsVisible = 0;
			defaultConfigurationName = Release;
		};
		C59191B02A44DB9E003B48F1 /* Build configuration list for PBXNativeTarget "PortafolioSwiftUI" */ = {
			isa = XCConfigurationList;
			buildConfigurations = (
				C59191B12A44DB9E003B48F1 /* Debug */,
				C59191B22A44DB9E003B48F1 /* Release */,
			);
			defaultConfigurationIsVisible = 0;
			defaultConfigurationName = Release;
		};
		C59191B32A44DB9E003B48F1 /* Build configuration list for PBXNativeTarget "PortafolioSwiftUITests" */ = {
			isa = XCConfigurationList;
			buildConfigurations = (
				C59191B42A44DB9E003B48F1 /* Debug */,
				C59191B52A44DB9E003B48F1 /* Release */,
			);
			defaultConfigurationIsVisible = 0;
			defaultConfigurationName = Release;
		};
		C59191B62A44DB9E003B48F1 /* Build configuration list for PBXNativeTarget "PortafolioSwiftUIUITests" */ = {
			isa = XCConfigurationList;
			buildConfigurations = (
				C59191B72A44DB9E003B48F1 /* Debug */,
				C59191B82A44DB9E003B48F1 /* Release */,
			);
			defaultConfigurationIsVisible = 0;
			defaultConfigurationName = Release;
		};
/* End XCConfigurationList section */

/* Begin XCRemoteSwiftPackageReference section */
		C59191B92A44DCD4003B48F1 /* XCRemoteSwiftPackageReference "Alamofire" */ = {
			isa = XCRemoteSwiftPackageReference;
			repositoryURL = "https://github.com/Alamofire/Alamofire.git";
			requirement = {
				kind = upToNextMajorVersion;
				minimumVersion = 5.6.4;
			};
		};
/* End XCRemoteSwiftPackageReference section */

/* Begin XCSwiftPackageProductDependency section */
		C59191BA2A44DCD4003B48F1 /* Alamofire */ = {
			isa = XCSwiftPackageProductDependency;
			package = C59191B92A44DCD4003B48F1 /* XCRemoteSwiftPackageReference "Alamofire" */;
			productName = Alamofire;
		};
/* End XCSwiftPackageProductDependency section */

/* Begin XCVersionGroup section */
		C59041842B31FE580041FC40 /* ContactContainer.xcdatamodeld */ = {
			isa = XCVersionGroup;
			children = (
				C59041852B31FE580041FC40 /* ContactTable.xcdatamodel */,
			);
			currentVersion = C59041852B31FE580041FC40 /* ContactTable.xcdatamodel */;
			path = ContactContainer.xcdatamodeld;
			sourceTree = "<group>";
			versionGroupType = wrapper.xcdatamodel;
		};
/* End XCVersionGroup section */
	};
	rootObject = C59191842A44DB9D003B48F1 /* Project object */;
}
